{
  "name": "trolyao",
  "lockfileVersion": 3,
  "requires": true,
  "packages": {
    "": {
      "dependencies": {
        "@syncfusion/ej2-react-documenteditor": "^26.1.35",
        "flask": "^0.2.10",
        "openai": "^4.50.0",
        "uuid": "^9.0.1",
        "ws": "^8.17.0"
      }
    },
    "node_modules/@syncfusion/ej2-base": {
      "version": "26.1.37",
      "resolved": "https://registry.npmjs.org/@syncfusion/ej2-base/-/ej2-base-26.1.37.tgz",
      "integrity": "sha512-aDnABkOg+5Uw9SiORkCas8p+5/U+GWI0lL1czZJAwsJ1OGw3vN1zju6klwTX8prefOEh9/aQ67pmt2yepO00bg==",
      "dependencies": {
        "@syncfusion/ej2-icons": "~26.1.35"
      },
      "bin": {
        "syncfusion-license": "bin/syncfusion-license.js"
      }
    },
    "node_modules/@syncfusion/ej2-buttons": {
      "version": "26.1.35",
      "resolved": "https://registry.npmjs.org/@syncfusion/ej2-buttons/-/ej2-buttons-26.1.35.tgz",
      "integrity": "sha512-NfJHzI5GuAjyttM2QS3rdbG03miOcIZ+pgbiIptBuo0d8oe5k7iOTAGLfN+y084qo6ZvTiNlE07UbqDb6Lko2w==",
      "dependencies": {
        "@syncfusion/ej2-base": "~26.1.35"
      }
    },
    "node_modules/@syncfusion/ej2-calendars": {
      "version": "26.1.35",
      "resolved": "https://registry.npmjs.org/@syncfusion/ej2-calendars/-/ej2-calendars-26.1.35.tgz",
      "integrity": "sha512-gViPsHPC+Y81yLVtoMlSHH1AhIHWxGnjF9YGR5SaQnq7hJBF6MiAC38cH4oDMkOfJ1K+tgCPTTNqNLBEFpSEsw==",
      "dependencies": {
        "@syncfusion/ej2-base": "~26.1.35",
        "@syncfusion/ej2-buttons": "~26.1.35",
        "@syncfusion/ej2-inputs": "~26.1.35",
        "@syncfusion/ej2-lists": "~26.1.35",
        "@syncfusion/ej2-popups": "~26.1.35"
      }
    },
    "node_modules/@syncfusion/ej2-charts": {
      "version": "26.1.35",
      "resolved": "https://registry.npmjs.org/@syncfusion/ej2-charts/-/ej2-charts-26.1.35.tgz",
      "integrity": "sha512-DNUoipZtl5Cg/EA4VzgE7WFXrCrbMGLzoHVjv/ZFWCwKhgdhrD+ZBLa+sj0gU011xAn/bCzj1bLPnpOB3OiH1g==",
      "dependencies": {
        "@syncfusion/ej2-base": "~26.1.35",
        "@syncfusion/ej2-calendars": "~26.1.35",
        "@syncfusion/ej2-data": "~26.1.35",
        "@syncfusion/ej2-excel-export": "~26.1.35",
        "@syncfusion/ej2-navigations": "~26.1.35",
        "@syncfusion/ej2-pdf-export": "~26.1.35",
        "@syncfusion/ej2-svg-base": "~26.1.35"
      }
    },
    "node_modules/@syncfusion/ej2-compression": {
      "version": "26.1.35",
      "resolved": "https://registry.npmjs.org/@syncfusion/ej2-compression/-/ej2-compression-26.1.35.tgz",
      "integrity": "sha512-gTWqnDC3321mLaUE/T1LfdZ+Pu5NhY7Y7GlOX3Q1lqWKqE9BQDaIkZx31TqtmwwCQ35i/ZOFdg0F93Kb3PM8dA==",
      "dependencies": {
        "@syncfusion/ej2-file-utils": "~26.1.35"
      }
    },
    "node_modules/@syncfusion/ej2-data": {
      "version": "26.1.35",
      "resolved": "https://registry.npmjs.org/@syncfusion/ej2-data/-/ej2-data-26.1.35.tgz",
      "integrity": "sha512-dlg+Ag+7lvU1wrfAtSF1pHABIC7PyD5RsAI5ju1io00z3cxfuoY6ctGamHLx2IYTDdM3q5WaPB13dayTBjuU4g==",
      "dependencies": {
        "@syncfusion/ej2-base": "~26.1.35"
      }
    },
    "node_modules/@syncfusion/ej2-documenteditor": {
      "version": "26.1.35",
      "resolved": "https://registry.npmjs.org/@syncfusion/ej2-documenteditor/-/ej2-documenteditor-26.1.35.tgz",
      "integrity": "sha512-8/c8weQzCsHSEeRcFRocmY+m81yXznJXMr5WJA6aKf8XYt4qSYDo/U7pfMBkjnNByJF4GpooGWx46wbGaWA2DQ==",
      "dependencies": {
        "@syncfusion/ej2-base": "~26.1.35",
        "@syncfusion/ej2-buttons": "~26.1.35",
        "@syncfusion/ej2-calendars": "~26.1.35",
        "@syncfusion/ej2-compression": "~26.1.35",
        "@syncfusion/ej2-dropdowns": "~26.1.35",
        "@syncfusion/ej2-file-utils": "~26.1.35",
        "@syncfusion/ej2-inputs": "~26.1.35",
        "@syncfusion/ej2-navigations": "~26.1.35",
        "@syncfusion/ej2-office-chart": "~26.1.35",
        "@syncfusion/ej2-popups": "~26.1.35",
        "@syncfusion/ej2-splitbuttons": "~26.1.35"
      }
    },
    "node_modules/@syncfusion/ej2-dropdowns": {
      "version": "26.1.35",
      "resolved": "https://registry.npmjs.org/@syncfusion/ej2-dropdowns/-/ej2-dropdowns-26.1.35.tgz",
      "integrity": "sha512-Y5IQphVob5+DGT+UZ/VfB6dF5pXgUp+/tK6bT+OvefmaDf3S4vcyTOqnJwRTcI8I6nn8M+BbryMUePPrH/DNTQ==",
      "dependencies": {
        "@syncfusion/ej2-base": "~26.1.35",
        "@syncfusion/ej2-data": "~26.1.35",
        "@syncfusion/ej2-inputs": "~26.1.35",
        "@syncfusion/ej2-lists": "~26.1.35",
        "@syncfusion/ej2-navigations": "~26.1.35",
        "@syncfusion/ej2-notifications": "~26.1.35",
        "@syncfusion/ej2-popups": "~26.1.35"
      }
    },
    "node_modules/@syncfusion/ej2-excel-export": {
      "version": "26.1.35",
      "resolved": "https://registry.npmjs.org/@syncfusion/ej2-excel-export/-/ej2-excel-export-26.1.35.tgz",
      "integrity": "sha512-AlFYEBI97I0zjzGrVlqu18mux7TH6l7bSXNdWbjMf961tMSh/TkqjxkbsIWdUjqKz5M/6Vy7ElsnkjDGN1emIA==",
      "dependencies": {
        "@syncfusion/ej2-base": "~26.1.35",
        "@syncfusion/ej2-compression": "~26.1.35"
      }
    },
    "node_modules/@syncfusion/ej2-file-utils": {
      "version": "26.1.35",
      "resolved": "https://registry.npmjs.org/@syncfusion/ej2-file-utils/-/ej2-file-utils-26.1.35.tgz",
      "integrity": "sha512-0aeFbfs1kL/UV/LV+jFeuY/63dN0N4z5xU7mhD+7W4wFyXH9S60rfgE/UawC+UFJAT7H+TrGdOGQ3ZfacQTEmQ=="
    },
    "node_modules/@syncfusion/ej2-icons": {
      "version": "26.1.35",
      "resolved": "https://registry.npmjs.org/@syncfusion/ej2-icons/-/ej2-icons-26.1.35.tgz",
      "integrity": "sha512-rhaJDhN+vDBai+7xSw+xMnzAvLtG75vYoWvVA7wgUawA4boA4ODtkEgNYbMPJOEbtYaEQO7s3b7nzzWbXI3v+Q=="
    },
    "node_modules/@syncfusion/ej2-inputs": {
      "version": "26.1.35",
      "resolved": "https://registry.npmjs.org/@syncfusion/ej2-inputs/-/ej2-inputs-26.1.35.tgz",
      "integrity": "sha512-VxR7N0rSrS66NOE805Pc4iDzPnyL01I3puakMFMhE6lxkg4nlbLPOXcEY/janZxTuQXLDmWWmmnlGL3KYVN+gw==",
      "dependencies": {
        "@syncfusion/ej2-base": "~26.1.35",
        "@syncfusion/ej2-buttons": "~26.1.35",
        "@syncfusion/ej2-popups": "~26.1.35",
        "@syncfusion/ej2-splitbuttons": "~26.1.35"
      }
    },
    "node_modules/@syncfusion/ej2-lists": {
      "version": "26.1.35",
      "resolved": "https://registry.npmjs.org/@syncfusion/ej2-lists/-/ej2-lists-26.1.35.tgz",
      "integrity": "sha512-XVLm+u11+63dpudZVrgrocK/DihYyAq9jTamfKQ1HkAV27gPTyilV+6ywizGmZmSystgMB+0YBKRDjqv85D1+A==",
      "dependencies": {
        "@syncfusion/ej2-base": "~26.1.35",
        "@syncfusion/ej2-buttons": "~26.1.35",
        "@syncfusion/ej2-data": "~26.1.35",
        "@syncfusion/ej2-popups": "~26.1.35"
      }
    },
    "node_modules/@syncfusion/ej2-navigations": {
      "version": "26.1.35",
      "resolved": "https://registry.npmjs.org/@syncfusion/ej2-navigations/-/ej2-navigations-26.1.35.tgz",
      "integrity": "sha512-Of8XARkcCydkiJXNEwEffUW7eSlxf782w845hQ0H+v+XyDBXM4YOn8buQ555yH8AJVNow6sZTocBMLIfikqn9g==",
      "dependencies": {
        "@syncfusion/ej2-base": "~26.1.35",
        "@syncfusion/ej2-buttons": "~26.1.35",
        "@syncfusion/ej2-data": "~26.1.35",
        "@syncfusion/ej2-inputs": "~26.1.35",
        "@syncfusion/ej2-lists": "~26.1.35",
        "@syncfusion/ej2-popups": "~26.1.35"
      }
    },
    "node_modules/@syncfusion/ej2-notifications": {
      "version": "26.1.35",
      "resolved": "https://registry.npmjs.org/@syncfusion/ej2-notifications/-/ej2-notifications-26.1.35.tgz",
      "integrity": "sha512-R8r1Wbfo2saM/jqbPmCfuZ9Y1Uq6QCjjEQkSzz8fSA/slddutl67RfVWCbjg9aTGx64sQctXHO7r3GjFqfPUjQ==",
      "dependencies": {
        "@syncfusion/ej2-base": "~26.1.35",
        "@syncfusion/ej2-buttons": "~26.1.35",
        "@syncfusion/ej2-popups": "~26.1.35"
      }
    },
    "node_modules/@syncfusion/ej2-office-chart": {
      "version": "26.1.35",
      "resolved": "https://registry.npmjs.org/@syncfusion/ej2-office-chart/-/ej2-office-chart-26.1.35.tgz",
      "integrity": "sha512-MJPTp2DPtmoBHeKrXsGb8xjSC5k/ycY0Drc+b5a4oL63TwqyyXb2u+sMuzDzYIzJVn9Kzqosl6Jj3Y3EFY7O5Q==",
      "dependencies": {
        "@syncfusion/ej2-charts": "~26.1.35"
      }
    },
    "node_modules/@syncfusion/ej2-pdf-export": {
      "version": "26.1.35",
      "resolved": "https://registry.npmjs.org/@syncfusion/ej2-pdf-export/-/ej2-pdf-export-26.1.35.tgz",
      "integrity": "sha512-oGUGHR0x5Z/M3w4VXqfx75rZSuqeIzqsas4YCV3r0gFFn2Vj1m9OqTTgoTZaSuF6SFqiq4Jgoivai7LE/16lsw==",
      "dependencies": {
        "@syncfusion/ej2-compression": "~26.1.35"
      }
    },
    "node_modules/@syncfusion/ej2-popups": {
      "version": "26.1.35",
      "resolved": "https://registry.npmjs.org/@syncfusion/ej2-popups/-/ej2-popups-26.1.35.tgz",
      "integrity": "sha512-mSODpl8SBpctspUKDR8qJeNiiyC0cx2nhSW3SA9VYOfayT8O+ojlOW+2Qg5q0OHNJselya+xx5lc5QXjP1f1NA==",
      "dependencies": {
        "@syncfusion/ej2-base": "~26.1.35",
        "@syncfusion/ej2-buttons": "~26.1.35"
      }
    },
    "node_modules/@syncfusion/ej2-react-base": {
      "version": "26.1.35",
      "resolved": "https://registry.npmjs.org/@syncfusion/ej2-react-base/-/ej2-react-base-26.1.35.tgz",
      "integrity": "sha512-TTSvdHLKFtCsuZ+lWrWXpUcz04sH5D+K+j4vuDGm/qZ9kGiQfGZKNkSkfQYHRyrquyU8zadeZzTDsLUZCR7THA==",
      "dependencies": {
        "@syncfusion/ej2-base": "~26.1.35"
      }
    },
    "node_modules/@syncfusion/ej2-react-documenteditor": {
      "version": "26.1.35",
      "resolved": "https://registry.npmjs.org/@syncfusion/ej2-react-documenteditor/-/ej2-react-documenteditor-26.1.35.tgz",
      "integrity": "sha512-8XuShDlzm4lnn0kDjBbGkqbHQl/9244pbRoGzzNSOTRI6Vhmiw7HnfHJvJLT2lZ2LUmsU2ksWwIHqHHaFUIiew==",
      "dependencies": {
        "@syncfusion/ej2-base": "~26.1.35",
        "@syncfusion/ej2-documenteditor": "26.1.35",
        "@syncfusion/ej2-react-base": "~26.1.35"
      }
    },
    "node_modules/@syncfusion/ej2-splitbuttons": {
      "version": "26.1.35",
      "resolved": "https://registry.npmjs.org/@syncfusion/ej2-splitbuttons/-/ej2-splitbuttons-26.1.35.tgz",
      "integrity": "sha512-c+iUzD+9rvbriglYzQGJRFAijZ0vRHxnsUNo5whSdDoQCjZnE8avuz/6cJpkY/HyGNIzTpDEayQXB4Z+JgMRqw==",
      "dependencies": {
        "@syncfusion/ej2-base": "~26.1.35",
        "@syncfusion/ej2-popups": "~26.1.35"
      }
    },
    "node_modules/@syncfusion/ej2-svg-base": {
      "version": "26.1.35",
      "resolved": "https://registry.npmjs.org/@syncfusion/ej2-svg-base/-/ej2-svg-base-26.1.35.tgz",
      "integrity": "sha512-nE7L0bzHBtJ6WDSsE+TneY3YIcskqxpADhiJcYETPv/uTbZK4BedoiFcVXMChJpQTfUFjiMyC2KPlsQrMhnbUA==",
      "dependencies": {
        "@syncfusion/ej2-base": "~26.1.35"
      }
    },
    "node_modules/@types/node": {
      "version": "18.19.34",
      "resolved": "https://registry.npmjs.org/@types/node/-/node-18.19.34.tgz",
      "integrity": "sha512-eXF4pfBNV5DAMKGbI02NnDtWrQ40hAN558/2vvS4gMpMIxaf6JmD7YjnZbq0Q9TDSSkKBamime8ewRoomHdt4g==",
      "dependencies": {
        "undici-types": "~5.26.4"
      }
    },
    "node_modules/@types/node-fetch": {
      "version": "2.6.11",
      "resolved": "https://registry.npmjs.org/@types/node-fetch/-/node-fetch-2.6.11.tgz",
      "integrity": "sha512-24xFj9R5+rfQJLRyM56qh+wnVSYhyXC2tkoBndtY0U+vubqNsYXGjufB2nn8Q6gt0LrARwL6UBtMCSVCwl4B1g==",
      "dependencies": {
        "@types/node": "*",
        "form-data": "^4.0.0"
      }
    },
    "node_modules/abort-controller": {
      "version": "3.0.0",
      "resolved": "https://registry.npmjs.org/abort-controller/-/abort-controller-3.0.0.tgz",
      "integrity": "sha512-h8lQ8tacZYnR3vNQTgibj+tODHI5/+l06Au2Pcriv/Gmet0eaj4TwWH41sO9wnHDiQsEj19q0drzdWdeAHtweg==",
      "dependencies": {
        "event-target-shim": "^5.0.0"
      },
      "engines": {
        "node": ">=6.5"
      }
    },
    "node_modules/agentkeepalive": {
      "version": "4.5.0",
      "resolved": "https://registry.npmjs.org/agentkeepalive/-/agentkeepalive-4.5.0.tgz",
      "integrity": "sha512-5GG/5IbQQpC9FpkRGsSvZI5QYeSCzlJHdpBQntCsuTOxhKD8lqKhrleg2Yi7yvMIf82Ycmmqln9U8V9qwEiJew==",
      "dependencies": {
        "humanize-ms": "^1.2.1"
      },
      "engines": {
        "node": ">= 8.0.0"
      }
    },
    "node_modules/asynckit": {
      "version": "0.4.0",
      "resolved": "https://registry.npmjs.org/asynckit/-/asynckit-0.4.0.tgz",
      "integrity": "sha512-Oei9OH4tRh0YqU3GxhX79dM/mwVgvbZJaSNaRk+bshkj0S5cfHcgYakreBjrHwatXKbz+IoIdYLxrKim2MjW0Q=="
    },
    "node_modules/combined-stream": {
      "version": "1.0.8",
      "resolved": "https://registry.npmjs.org/combined-stream/-/combined-stream-1.0.8.tgz",
      "integrity": "sha512-FQN4MRfuJeHf7cBbBMJFXhKSDq+2kAArBlmRBvcvFE5BB1HZKXtSFASDhdlz9zOYwxh8lDdnvmMOe/+5cdoEdg==",
      "dependencies": {
        "delayed-stream": "~1.0.0"
      },
      "engines": {
        "node": ">= 0.8"
      }
    },
    "node_modules/delayed-stream": {
      "version": "1.0.0",
      "resolved": "https://registry.npmjs.org/delayed-stream/-/delayed-stream-1.0.0.tgz",
      "integrity": "sha512-ZySD7Nf91aLB0RxL4KGrKHBXl7Eds1DAmEdcoVawXnLD7SDhpNgtuII2aAkg7a7QS41jxPSZ17p4VdGnMHk3MQ==",
      "engines": {
        "node": ">=0.4.0"
      }
    },
    "node_modules/event-target-shim": {
      "version": "5.0.1",
      "resolved": "https://registry.npmjs.org/event-target-shim/-/event-target-shim-5.0.1.tgz",
      "integrity": "sha512-i/2XbnSz/uxRCU6+NdVJgKWDTM427+MqYbkQzD321DuCQJUqOuJKIA0IM2+W2xtYHdKOmZ4dR6fExsd4SXL+WQ==",
      "engines": {
        "node": ">=6"
      }
    },
    "node_modules/flask": {
      "version": "0.2.10",
      "resolved": "https://registry.npmjs.org/flask/-/flask-0.2.10.tgz",
      "integrity": "sha512-Zy69KIuFsoX0o2W5uDHHk1GHMwRT8QT0AboPQY7b1soCfJ2pfwKxHF2AGVwJmDUjzawgOavoY/UsXnZ7fk3lVQ=="
    },
    "node_modules/form-data": {
      "version": "4.0.0",
      "resolved": "https://registry.npmjs.org/form-data/-/form-data-4.0.0.tgz",
      "integrity": "sha512-ETEklSGi5t0QMZuiXoA/Q6vcnxcLQP5vdugSpuAyi6SVGi2clPPp+xgEhuMaHC+zGgn31Kd235W35f7Hykkaww==",
      "dependencies": {
        "asynckit": "^0.4.0",
        "combined-stream": "^1.0.8",
        "mime-types": "^2.1.12"
      },
      "engines": {
        "node": ">= 6"
      }
    },
    "node_modules/form-data-encoder": {
      "version": "1.7.2",
      "resolved": "https://registry.npmjs.org/form-data-encoder/-/form-data-encoder-1.7.2.tgz",
      "integrity": "sha512-qfqtYan3rxrnCk1VYaA4H+Ms9xdpPqvLZa6xmMgFvhO32x7/3J/ExcTd6qpxM0vH2GdMI+poehyBZvqfMTto8A=="
    },
    "node_modules/formdata-node": {
      "version": "4.4.1",
      "resolved": "https://registry.npmjs.org/formdata-node/-/formdata-node-4.4.1.tgz",
      "integrity": "sha512-0iirZp3uVDjVGt9p49aTaqjk84TrglENEDuqfdlZQ1roC9CWlPk6Avf8EEnZNcAqPonwkG35x4n3ww/1THYAeQ==",
      "dependencies": {
        "node-domexception": "1.0.0",
        "web-streams-polyfill": "4.0.0-beta.3"
      },
      "engines": {
        "node": ">= 12.20"
      }
    },
    "node_modules/humanize-ms": {
      "version": "1.2.1",
      "resolved": "https://registry.npmjs.org/humanize-ms/-/humanize-ms-1.2.1.tgz",
      "integrity": "sha512-Fl70vYtsAFb/C06PTS9dZBo7ihau+Tu/DNCk/OyHhea07S+aeMWpFFkUaXRa8fI+ScZbEI8dfSxwY7gxZ9SAVQ==",
      "dependencies": {
        "ms": "^2.0.0"
      }
    },
    "node_modules/mime-db": {
      "version": "1.52.0",
      "resolved": "https://registry.npmjs.org/mime-db/-/mime-db-1.52.0.tgz",
      "integrity": "sha512-sPU4uV7dYlvtWJxwwxHD0PuihVNiE7TyAbQ5SWxDCB9mUYvOgroQOwYQQOKPJ8CIbE+1ETVlOoK1UC2nU3gYvg==",
      "engines": {
        "node": ">= 0.6"
      }
    },
    "node_modules/mime-types": {
      "version": "2.1.35",
      "resolved": "https://registry.npmjs.org/mime-types/-/mime-types-2.1.35.tgz",
      "integrity": "sha512-ZDY+bPm5zTTF+YpCrAU9nK0UgICYPT0QtT1NZWFv4s++TNkcgVaT0g6+4R2uI4MjQjzysHB1zxuWL50hzaeXiw==",
      "dependencies": {
        "mime-db": "1.52.0"
      },
      "engines": {
        "node": ">= 0.6"
      }
    },
    "node_modules/ms": {
      "version": "2.1.3",
      "resolved": "https://registry.npmjs.org/ms/-/ms-2.1.3.tgz",
      "integrity": "sha512-6FlzubTLZG3J2a/NVCAleEhjzq5oxgHyaCU9yYXvcLsvoVaHJq/s5xXI6/XXP6tz7R9xAOtHnSO/tXtF3WRTlA=="
    },
    "node_modules/node-domexception": {
      "version": "1.0.0",
      "resolved": "https://registry.npmjs.org/node-domexception/-/node-domexception-1.0.0.tgz",
      "integrity": "sha512-/jKZoMpw0F8GRwl4/eLROPA3cfcXtLApP0QzLmUT/HuPCZWyB7IY9ZrMeKw2O/nFIqPQB3PVM9aYm0F312AXDQ==",
      "funding": [
        {
          "type": "github",
          "url": "https://github.com/sponsors/jimmywarting"
        },
        {
          "type": "github",
          "url": "https://paypal.me/jimmywarting"
        }
      ],
      "engines": {
        "node": ">=10.5.0"
      }
    },
    "node_modules/node-fetch": {
      "version": "2.7.0",
      "resolved": "https://registry.npmjs.org/node-fetch/-/node-fetch-2.7.0.tgz",
      "integrity": "sha512-c4FRfUm/dbcWZ7U+1Wq0AwCyFL+3nt2bEw05wfxSz+DWpWsitgmSgYmy2dQdWyKC1694ELPqMs/YzUSNozLt8A==",
      "dependencies": {
        "whatwg-url": "^5.0.0"
      },
      "engines": {
        "node": "4.x || >=6.0.0"
      },
      "peerDependencies": {
        "encoding": "^0.1.0"
      },
      "peerDependenciesMeta": {
        "encoding": {
          "optional": true
        }
      }
    },
    "node_modules/openai": {
      "version": "4.50.0",
      "resolved": "https://registry.npmjs.org/openai/-/openai-4.50.0.tgz",
      "integrity": "sha512-2ADkNIU6Q589oYHr5pn9k7SbUcrBTK9X0rIXrYqwMVSoqOj1yK9/1OO0ExaWsqOOpD7o58UmRjeKlx9gKAcuKQ==",
      "dependencies": {
        "@types/node": "^18.11.18",
        "@types/node-fetch": "^2.6.4",
        "abort-controller": "^3.0.0",
        "agentkeepalive": "^4.2.1",
        "form-data-encoder": "1.7.2",
        "formdata-node": "^4.3.2",
        "node-fetch": "^2.6.7",
        "web-streams-polyfill": "^3.2.1"
      },
      "bin": {
        "openai": "bin/cli"
      }
    },
    "node_modules/openai/node_modules/web-streams-polyfill": {
      "version": "3.3.3",
      "resolved": "https://registry.npmjs.org/web-streams-polyfill/-/web-streams-polyfill-3.3.3.tgz",
      "integrity": "sha512-d2JWLCivmZYTSIoge9MsgFCZrt571BikcWGYkjC1khllbTeDlGqZ2D8vD8E/lJa8WGWbb7Plm8/XJYV7IJHZZw==",
      "engines": {
        "node": ">= 8"
      }
    },
    "node_modules/tr46": {
      "version": "0.0.3",
      "resolved": "https://registry.npmjs.org/tr46/-/tr46-0.0.3.tgz",
      "integrity": "sha512-N3WMsuqV66lT30CrXNbEjx4GEwlow3v6rr4mCcv6prnfwhS01rkgyFdjPNBYd9br7LpXV1+Emh01fHnq2Gdgrw=="
    },
    "node_modules/undici-types": {
      "version": "5.26.5",
      "resolved": "https://registry.npmjs.org/undici-types/-/undici-types-5.26.5.tgz",
      "integrity": "sha512-JlCMO+ehdEIKqlFxk6IfVoAUVmgz7cU7zD/h9XZ0qzeosSHmUJVOzSQvvYSYWXkFXC+IfLKSIffhv0sVZup6pA=="
    },
    "node_modules/uuid": {
      "version": "9.0.1",
      "resolved": "https://registry.npmjs.org/uuid/-/uuid-9.0.1.tgz",
      "integrity": "sha512-b+1eJOlsR9K8HJpow9Ok3fiWOWSIcIzXodvv0rQjVoOVNpWMpxf1wZNpt4y9h10odCNrqnYp1OBzRktckBe3sA==",
      "funding": [
        "https://github.com/sponsors/broofa",
        "https://github.com/sponsors/ctavan"
      ],
      "bin": {
        "uuid": "dist/bin/uuid"
      }
    },
    "node_modules/web-streams-polyfill": {
      "version": "4.0.0-beta.3",
      "resolved": "https://registry.npmjs.org/web-streams-polyfill/-/web-streams-polyfill-4.0.0-beta.3.tgz",
      "integrity": "sha512-QW95TCTaHmsYfHDybGMwO5IJIM93I/6vTRk+daHTWFPhwh+C8Cg7j7XyKrwrj8Ib6vYXe0ocYNrmzY4xAAN6ug==",
      "engines": {
        "node": ">= 14"
      }
    },
    "node_modules/webidl-conversions": {
      "version": "3.0.1",
      "resolved": "https://registry.npmjs.org/webidl-conversions/-/webidl-conversions-3.0.1.tgz",
      "integrity": "sha512-2JAn3z8AR6rjK8Sm8orRC0h/bcl/DqL7tRPdGZ4I1CjdF+EaMLmYxBHyXuKL849eucPFhvBoxMsflfOb8kxaeQ=="
    },
    "node_modules/whatwg-url": {
      "version": "5.0.0",
      "resolved": "https://registry.npmjs.org/whatwg-url/-/whatwg-url-5.0.0.tgz",
      "integrity": "sha512-saE57nupxk6v3HY35+jzBwYa0rKSy0XR8JSxZPwgLr7ys0IBzhGviA1/TUGJLmSVqs8pb9AnvICXEuOHLprYTw==",
      "dependencies": {
        "tr46": "~0.0.3",
        "webidl-conversions": "^3.0.0"
      }
    },
    "node_modules/ws": {
      "version": "8.17.0",
      "resolved": "https://registry.npmjs.org/ws/-/ws-8.17.0.tgz",
      "integrity": "sha512-uJq6108EgZMAl20KagGkzCKfMEjxmKvZHG7Tlq0Z6nOky7YF7aq4mOx6xK8TJ/i1LeK4Qus7INktacctDgY8Ow==",
      "engines": {
        "node": ">=10.0.0"
      },
      "peerDependencies": {
        "bufferutil": "^4.0.1",
        "utf-8-validate": ">=5.0.2"
      },
      "peerDependenciesMeta": {
        "bufferutil": {
          "optional": true
        },
        "utf-8-validate": {
          "optional": true
        }
      }
    }
  }
}
